
Microsoft Visual Studio Solution File, Format Version 12.00
# Visual Studio Version 17
VisualStudioVersion = 17.0.31903.59
MinimumVisualStudioVersion = 10.0.40219.1
Project("{2150E333-8FDC-42A3-9474-1A3956D46DE8}") = "src", "src", "{A2F5E0A4-821D-48CA-82EA-D14A058BBCB9}"
EndProject
Project("{FAE04EC0-301F-11D3-BF4B-00C04F79EFBC}") = "HostedServices.Cron", "src\HostedServices.Cron\HostedServices.Cron.csproj", "{8C87E82B-EB84-4327-BF5F-8075933B826E}"
EndProject
Project("{2150E333-8FDC-42A3-9474-1A3956D46DE8}") = "tests", "tests", "{5CA59F1E-8BB4-4D70-91A9-C1F4B31C8059}"
EndProject
Project("{FAE04EC0-301F-11D3-BF4B-00C04F79EFBC}") = "HostedServices.Cron.Tests", "tests\HostedServices.Cron.Tests\HostedServices.Cron.Tests.csproj", "{BE06FB4F-E313-4FFF-9713-0F733CC7E431}"
EndProject
Global
	GlobalSection(SolutionConfigurationPlatforms) = preSolution
		Debug|Any CPU = Debug|Any CPU
		Release|Any CPU = Release|Any CPU
	EndGlobalSection
	GlobalSection(SolutionProperties) = preSolution
		HideSolutionNode = FALSE
	EndGlobalSection
	GlobalSection(ProjectConfigurationPlatforms) = postSolution
		{8C87E82B-EB84-4327-BF5F-8075933B826E}.Debug|Any CPU.ActiveCfg = Debug|Any CPU
		{8C87E82B-EB84-4327-BF5F-8075933B826E}.Debug|Any CPU.Build.0 = Debug|Any CPU
		{8C87E82B-EB84-4327-BF5F-8075933B826E}.Release|Any CPU.ActiveCfg = Release|Any CPU
		{8C87E82B-EB84-4327-BF5F-8075933B826E}.Release|Any CPU.Build.0 = Release|Any CPU
		{BE06FB4F-E313-4FFF-9713-0F733CC7E431}.Debug|Any CPU.ActiveCfg = Debug|Any CPU
		{BE06FB4F-E313-4FFF-9713-0F733CC7E431}.Debug|Any CPU.Build.0 = Debug|Any CPU
		{BE06FB4F-E313-4FFF-9713-0F733CC7E431}.Release|Any CPU.ActiveCfg = Release|Any CPU
		{BE06FB4F-E313-4FFF-9713-0F733CC7E431}.Release|Any CPU.Build.0 = Release|Any CPU
	EndGlobalSection
	GlobalSection(NestedProjects) = preSolution
		{8C87E82B-EB84-4327-BF5F-8075933B826E} = {A2F5E0A4-821D-48CA-82EA-D14A058BBCB9}
		{BE06FB4F-E313-4FFF-9713-0F733CC7E431} = {5CA59F1E-8BB4-4D70-91A9-C1F4B31C8059}
	EndGlobalSection
EndGlobal
